# This file is autogenerated, do not edit; changes may be undone by the next 'dep ensure'.


[[projects]]
  branch = "master"
  name = "github.com/ungerik/go-cairo"
  packages = [".","extimage"]
  revision = "52550571917ffd0d6d857f28f45f5fe431bdadb6"

[solve-meta]
  analyzer-name = "dep"
  analyzer-version = 1
  inputs-digest = "ae672b8cecefff8adeba7191215d0bacb2004211c3baa7e5df2ea13cd42930ac"
  solver-name = "gps-cdcl"
  solver-version = 1
